
Microsoft Visual Studio Solution File, Format Version 12.00
# Visual Studio Version 17
VisualStudioVersion = 17.9.34622.214
MinimumVisualStudioVersion = 10.0.40219.1
Project("{FAE04EC0-301F-11D3-BF4B-00C04F79EFBC}") = "StackOverflowQuestionFunctionality", "StackOverflowQuestionFunctionality\StackOverflowQuestionFunctionality.csproj", "{0D3945B7-81A4-4301-B993-72C92BBE52E1}"
EndProject
Global
	GlobalSection(SolutionConfigurationPlatforms) = preSolution
		Debug|Any CPU = Debug|Any CPU
		Release|Any CPU = Release|Any CPU
	EndGlobalSection
	GlobalSection(ProjectConfigurationPlatforms) = postSolution
		{0D3945B7-81A4-4301-B993-72C92BBE52E1}.Debug|Any CPU.ActiveCfg = Debug|Any CPU
		{0D3945B7-81A4-4301-B993-72C92BBE52E1}.Debug|Any CPU.Build.0 = Debug|Any CPU
		{0D3945B7-81A4-4301-B993-72C92BBE52E1}.Release|Any CPU.ActiveCfg = Release|Any CPU
		{0D3945B7-81A4-4301-B993-72C92BBE52E1}.Release|Any CPU.Build.0 = Release|Any CPU
	EndGlobalSection
	GlobalSection(SolutionProperties) = preSolution
		HideSolutionNode = FALSE
	EndGlobalSection
	GlobalSection(ExtensibilityGlobals) = postSolution
		SolutionGuid = {92D2FDB3-A193-4AFE-A89D-721AFB28CD70}
	EndGlobalSection
EndGlobal
